
Microsoft Visual Studio Solution File, Format Version 12.00
# Visual Studio Version 17
VisualStudioVersion = 17.3.32929.385
MinimumVisualStudioVersion = 10.0.40219.1
Project("{9A19103F-16F7-4668-BE54-9A1E7A4F7556}") = "LearnReactiveUI", "LearnReactiveUI\LearnReactiveUI.csproj", "{8C2CD729-22E7-4AF9-A825-BABFC94381F3}"
EndProject
Project("{FAE04EC0-301F-11D3-BF4B-00C04F79EFBC}") = "CrossPlatformApp.Android", "CrossPlatformApp\CrossPlatformApp.Android\CrossPlatformApp.Android.csproj", "{71E0D8AC-F5E5-424E-9A35-4676CC36B950}"
EndProject
Project("{9A19103F-16F7-4668-BE54-9A1E7A4F7556}") = "CrossPlatformApp", "CrossPlatformApp\CrossPlatformApp\CrossPlatformApp.csproj", "{4EC039B0-4CB3-44D1-8B44-5522925AE875}"
EndProject
Project("{2150E333-8FDC-42A3-9474-1A3956D46DE8}") = "CrossPlatform", "CrossPlatform", "{8898E1A2-DFBB-4058-8A10-31920DAD66AE}"
EndProject
Project("{9A19103F-16F7-4668-BE54-9A1E7A4F7556}") = "Try.Net50", "Try.Net50\Try.Net50.csproj", "{D994CB45-8636-4839-9955-9B4300BC1971}"
EndProject
Project("{2150E333-8FDC-42A3-9474-1A3956D46DE8}") = "Solution Items", "Solution Items", "{F01D64EA-7138-4FCD-AA37-17DFF2CCB2F1}"
	ProjectSection(SolutionItems) = preProject
		.editorconfig = .editorconfig
	EndProjectSection
EndProject
Global
	GlobalSection(SolutionConfigurationPlatforms) = preSolution
		Debug|Any CPU = Debug|Any CPU
		Release|Any CPU = Release|Any CPU
	EndGlobalSection
	GlobalSection(ProjectConfigurationPlatforms) = postSolution
		{8C2CD729-22E7-4AF9-A825-BABFC94381F3}.Debug|Any CPU.ActiveCfg = Debug|Any CPU
		{8C2CD729-22E7-4AF9-A825-BABFC94381F3}.Debug|Any CPU.Build.0 = Debug|Any CPU
		{8C2CD729-22E7-4AF9-A825-BABFC94381F3}.Release|Any CPU.ActiveCfg = Release|Any CPU
		{8C2CD729-22E7-4AF9-A825-BABFC94381F3}.Release|Any CPU.Build.0 = Release|Any CPU
		{71E0D8AC-F5E5-424E-9A35-4676CC36B950}.Debug|Any CPU.ActiveCfg = Debug|Any CPU
		{71E0D8AC-F5E5-424E-9A35-4676CC36B950}.Debug|Any CPU.Build.0 = Debug|Any CPU
		{71E0D8AC-F5E5-424E-9A35-4676CC36B950}.Debug|Any CPU.Deploy.0 = Debug|Any CPU
		{71E0D8AC-F5E5-424E-9A35-4676CC36B950}.Release|Any CPU.ActiveCfg = Release|Any CPU
		{71E0D8AC-F5E5-424E-9A35-4676CC36B950}.Release|Any CPU.Build.0 = Release|Any CPU
		{71E0D8AC-F5E5-424E-9A35-4676CC36B950}.Release|Any CPU.Deploy.0 = Release|Any CPU
		{4EC039B0-4CB3-44D1-8B44-5522925AE875}.Debug|Any CPU.ActiveCfg = Debug|Any CPU
		{4EC039B0-4CB3-44D1-8B44-5522925AE875}.Debug|Any CPU.Build.0 = Debug|Any CPU
		{4EC039B0-4CB3-44D1-8B44-5522925AE875}.Release|Any CPU.ActiveCfg = Release|Any CPU
		{4EC039B0-4CB3-44D1-8B44-5522925AE875}.Release|Any CPU.Build.0 = Release|Any CPU
		{D994CB45-8636-4839-9955-9B4300BC1971}.Debug|Any CPU.ActiveCfg = Debug|Any CPU
		{D994CB45-8636-4839-9955-9B4300BC1971}.Debug|Any CPU.Build.0 = Debug|Any CPU
		{D994CB45-8636-4839-9955-9B4300BC1971}.Release|Any CPU.ActiveCfg = Release|Any CPU
		{D994CB45-8636-4839-9955-9B4300BC1971}.Release|Any CPU.Build.0 = Release|Any CPU
	EndGlobalSection
	GlobalSection(SolutionProperties) = preSolution
		HideSolutionNode = FALSE
	EndGlobalSection
	GlobalSection(NestedProjects) = preSolution
		{71E0D8AC-F5E5-424E-9A35-4676CC36B950} = {8898E1A2-DFBB-4058-8A10-31920DAD66AE}
		{4EC039B0-4CB3-44D1-8B44-5522925AE875} = {8898E1A2-DFBB-4058-8A10-31920DAD66AE}
	EndGlobalSection
	GlobalSection(ExtensibilityGlobals) = postSolution
		SolutionGuid = {6314C402-8580-43DC-A828-AE732BC520F1}
	EndGlobalSection
EndGlobal
